// !$*UTF8*$!
{
	archiveVersion = 1;
	classes = {
	};
	objectVersion = 55;
	objects = {

/* Begin PBXBuildFile section */
		5BEDCDE327C96A6C00191CEA /* AlgorithmApp.swift in Sources */ = {isa = PBXBuildFile; fileRef = 5BEDCDE227C96A6C00191CEA /* AlgorithmApp.swift */; };
		5BEDCDE527C96A6C00191CEA /* ContentView.swift in Sources */ = {isa = PBXBuildFile; fileRef = 5BEDCDE427C96A6C00191CEA /* ContentView.swift */; };
		5BEDCDE727C96A6D00191CEA /* Assets.xcassets in Resources */ = {isa = PBXBuildFile; fileRef = 5BEDCDE627C96A6D00191CEA /* Assets.xcassets */; };
		5BEDCDEA27C96A6D00191CEA /* Preview Assets.xcassets in Resources */ = {isa = PBXBuildFile; fileRef = 5BEDCDE927C96A6D00191CEA /* Preview Assets.xcassets */; };
		5BEDCDF427C96A6D00191CEA /* AlgorithmTests.swift in Sources */ = {isa = PBXBuildFile; fileRef = 5BEDCDF327C96A6D00191CEA /* AlgorithmTests.swift */; };
		5BEDCE0F27C98F0900191CEA /* SequencialSearch.swift in Sources */ = {isa = PBXBuildFile; fileRef = 5BEDCE0E27C98F0900191CEA /* SequencialSearch.swift */; };
		5BEDCE1127C98F4A00191CEA /* BinarySearch.swift in Sources */ = {isa = PBXBuildFile; fileRef = 5BEDCE1027C98F4A00191CEA /* BinarySearch.swift */; };
		5BEDCE1327C9989300191CEA /* TernarySearch.swift in Sources */ = {isa = PBXBuildFile; fileRef = 5BEDCE1227C9989300191CEA /* TernarySearch.swift */; };
/* End PBXBuildFile section */

/* Begin PBXContainerItemProxy section */
		5BEDCDF027C96A6D00191CEA /* PBXContainerItemProxy */ = {
			isa = PBXContainerItemProxy;
			containerPortal = 5BEDCDD727C96A6B00191CEA /* Project object */;
			proxyType = 1;
			remoteGlobalIDString = 5BEDCDDE27C96A6B00191CEA;
			remoteInfo = Algorithm;
		};
/* End PBXContainerItemProxy section */

/* Begin PBXFileReference section */
		5BEDCDDF27C96A6C00191CEA /* Algorithm.app */ = {isa = PBXFileReference; explicitFileType = wrapper.application; includeInIndex = 0; path = Algorithm.app; sourceTree = BUILT_PRODUCTS_DIR; };
		5BEDCDE227C96A6C00191CEA /* AlgorithmApp.swift */ = {isa = PBXFileReference; lastKnownFileType = sourcecode.swift; path = AlgorithmApp.swift; sourceTree = "<group>"; };
		5BEDCDE427C96A6C00191CEA /* ContentView.swift */ = {isa = PBXFileReference; lastKnownFileType = sourcecode.swift; path = ContentView.swift; sourceTree = "<group>"; };
		5BEDCDE627C96A6D00191CEA /* Assets.xcassets */ = {isa = PBXFileReference; lastKnownFileType = folder.assetcatalog; path = Assets.xcassets; sourceTree = "<group>"; };
		5BEDCDE927C96A6D00191CEA /* Preview Assets.xcassets */ = {isa = PBXFileReference; lastKnownFileType = folder.assetcatalog; path = "Preview Assets.xcassets"; sourceTree = "<group>"; };
		5BEDCDEF27C96A6D00191CEA /* AlgorithmTests.xctest */ = {isa = PBXFileReference; explicitFileType = wrapper.cfbundle; includeInIndex = 0; path = AlgorithmTests.xctest; sourceTree = BUILT_PRODUCTS_DIR; };
		5BEDCDF327C96A6D00191CEA /* AlgorithmTests.swift */ = {isa = PBXFileReference; lastKnownFileType = sourcecode.swift; path = AlgorithmTests.swift; sourceTree = "<group>"; };
		5BEDCE0E27C98F0900191CEA /* SequencialSearch.swift */ = {isa = PBXFileReference; lastKnownFileType = sourcecode.swift; path = SequencialSearch.swift; sourceTree = "<group>"; };
		5BEDCE1027C98F4A00191CEA /* BinarySearch.swift */ = {isa = PBXFileReference; lastKnownFileType = sourcecode.swift; path = BinarySearch.swift; sourceTree = "<group>"; };
		5BEDCE1227C9989300191CEA /* TernarySearch.swift */ = {isa = PBXFileReference; lastKnownFileType = sourcecode.swift; path = TernarySearch.swift; sourceTree = "<group>"; };
/* End PBXFileReference section */

/* Begin PBXFrameworksBuildPhase section */
		5BEDCDDC27C96A6B00191CEA /* Frameworks */ = {
			isa = PBXFrameworksBuildPhase;
			buildActionMask = 2147483647;
			files = (
			);
			runOnlyForDeploymentPostprocessing = 0;
		};
		5BEDCDEC27C96A6D00191CEA /* Frameworks */ = {
			isa = PBXFrameworksBuildPhase;
			buildActionMask = 2147483647;
			files = (
			);
			runOnlyForDeploymentPostprocessing = 0;
		};
/* End PBXFrameworksBuildPhase section */

/* Begin PBXGroup section */
		5BEDCDD627C96A6B00191CEA = {
			isa = PBXGroup;
			children = (
				5BEDCDE127C96A6C00191CEA /* Algorithm */,
				5BEDCDF227C96A6D00191CEA /* AlgorithmTests */,
				5BEDCDE027C96A6C00191CEA /* Products */,
			);
			sourceTree = "<group>";
		};
		5BEDCDE027C96A6C00191CEA /* Products */ = {
			isa = PBXGroup;
			children = (
				5BEDCDDF27C96A6C00191CEA /* Algorithm.app */,
				5BEDCDEF27C96A6D00191CEA /* AlgorithmTests.xctest */,
			);
			name = Products;
			sourceTree = "<group>";
		};
		5BEDCDE127C96A6C00191CEA /* Algorithm */ = {
			isa = PBXGroup;
			children = (
				5BEDCE1427C998E700191CEA /* Array */,
				5BEDCE0C27C96AE800191CEA /* Search */,
				5BEDCE0D27C96AEE00191CEA /* Select */,
				5BEDCDE227C96A6C00191CEA /* AlgorithmApp.swift */,
				5BEDCDE427C96A6C00191CEA /* ContentView.swift */,
				5BEDCDE627C96A6D00191CEA /* Assets.xcassets */,
				5BEDCDE827C96A6D00191CEA /* Preview Content */,
			);
			path = Algorithm;
			sourceTree = "<group>";
		};
		5BEDCDE827C96A6D00191CEA /* Preview Content */ = {
			isa = PBXGroup;
			children = (
				5BEDCDE927C96A6D00191CEA /* Preview Assets.xcassets */,
			);
			path = "Preview Content";
			sourceTree = "<group>";
		};
		5BEDCDF227C96A6D00191CEA /* AlgorithmTests */ = {
			isa = PBXGroup;
			children = (
				5BEDCDF327C96A6D00191CEA /* AlgorithmTests.swift */,
			);
			path = AlgorithmTests;
			sourceTree = "<group>";
		};
		5BEDCE0C27C96AE800191CEA /* Search */ = {
			isa = PBXGroup;
			children = (
				5BEDCE0E27C98F0900191CEA /* SequencialSearch.swift */,
				5BEDCE1027C98F4A00191CEA /* BinarySearch.swift */,
				5BEDCE1227C9989300191CEA /* TernarySearch.swift */,
			);
			path = Search;
			sourceTree = "<group>";
		};
		5BEDCE0D27C96AEE00191CEA /* Select */ = {
			isa = PBXGroup;
			children = (
			);
			path = Select;
			sourceTree = "<group>";
		};
		5BEDCE1427C998E700191CEA /* Array */ = {
			isa = PBXGroup;
			children = (
			);
			path = Array;
			sourceTree = "<group>";
		};
/* End PBXGroup section */

/* Begin PBXNativeTarget section */
		5BEDCDDE27C96A6B00191CEA /* Algorithm */ = {
			isa = PBXNativeTarget;
			buildConfigurationList = 5BEDCE0327C96A6D00191CEA /* Build configuration list for PBXNativeTarget "Algorithm" */;
			buildPhases = (
				5BEDCDDB27C96A6B00191CEA /* Sources */,
				5BEDCDDC27C96A6B00191CEA /* Frameworks */,
				5BEDCDDD27C96A6B00191CEA /* Resources */,
			);
			buildRules = (
			);
			dependencies = (
			);
			name = Algorithm;
			productName = Algorithm;
			productReference = 5BEDCDDF27C96A6C00191CEA /* Algorithm.app */;
			productType = "com.apple.product-type.application";
		};
		5BEDCDEE27C96A6D00191CEA /* AlgorithmTests */ = {
			isa = PBXNativeTarget;
			buildConfigurationList = 5BEDCE0627C96A6D00191CEA /* Build configuration list for PBXNativeTarget "AlgorithmTests" */;
			buildPhases = (
				5BEDCDEB27C96A6D00191CEA /* Sources */,
				5BEDCDEC27C96A6D00191CEA /* Frameworks */,
				5BEDCDED27C96A6D00191CEA /* Resources */,
			);
			buildRules = (
			);
			dependencies = (
				5BEDCDF127C96A6D00191CEA /* PBXTargetDependency */,
			);
			name = AlgorithmTests;
			productName = AlgorithmTests;
			productReference = 5BEDCDEF27C96A6D00191CEA /* AlgorithmTests.xctest */;
			productType = "com.apple.product-type.bundle.unit-test";
		};
/* End PBXNativeTarget section */

/* Begin PBXProject section */
		5BEDCDD727C96A6B00191CEA /* Project object */ = {
			isa = PBXProject;
			attributes = {
				BuildIndependentTargetsInParallel = 1;
				LastSwiftUpdateCheck = 1310;
				LastUpgradeCheck = 1310;
				TargetAttributes = {
					5BEDCDDE27C96A6B00191CEA = {
						CreatedOnToolsVersion = 13.1;
					};
					5BEDCDEE27C96A6D00191CEA = {
						CreatedOnToolsVersion = 13.1;
						TestTargetID = 5BEDCDDE27C96A6B00191CEA;
					};
				};
			};
			buildConfigurationList = 5BEDCDDA27C96A6B00191CEA /* Build configuration list for PBXProject "Algorithm" */;
			compatibilityVersion = "Xcode 13.0";
			developmentRegion = en;
			hasScannedForEncodings = 0;
			knownRegions = (
				en,
				Base,
			);
			mainGroup = 5BEDCDD627C96A6B00191CEA;
			productRefGroup = 5BEDCDE027C96A6C00191CEA /* Products */;
			projectDirPath = "";
			projectRoot = "";
			targets = (
				5BEDCDDE27C96A6B00191CEA /* Algorithm */,
				5BEDCDEE27C96A6D00191CEA /* AlgorithmTests */,
			);
		};
/* End PBXProject section */

/* Begin PBXResourcesBuildPhase section */
		5BEDCDDD27C96A6B00191CEA /* Resources */ = {
			isa = PBXResourcesBuildPhase;
			buildActionMask = 2147483647;
			files = (
				5BEDCDEA27C96A6D00191CEA /* Preview Assets.xcassets in Resources */,
				5BEDCDE727C96A6D00191CEA /* Assets.xcassets in Resources */,
			);
			runOnlyForDeploymentPostprocessing = 0;
		};
		5BEDCDED27C96A6D00191CEA /* Resources */ = {
			isa = PBXResourcesBuildPhase;
			buildActionMask = 2147483647;
			files = (
			);
			runOnlyForDeploymentPostprocessing = 0;
		};
/* End PBXResourcesBuildPhase section */

/* Begin PBXSourcesBuildPhase section */
		5BEDCDDB27C96A6B00191CEA /* Sources */ = {
			isa = PBXSourcesBuildPhase;
			buildActionMask = 2147483647;
			files = (
				5BEDCE1327C9989300191CEA /* TernarySearch.swift in Sources */,
				5BEDCE1127C98F4A00191CEA /* BinarySearch.swift in Sources */,
				5BEDCDE527C96A6C00191CEA /* ContentView.swift in Sources */,
				5BEDCDE327C96A6C00191CEA /* AlgorithmApp.swift in Sources */,
				5BEDCE0F27C98F0900191CEA /* SequencialSearch.swift in Sources */,
			);
			runOnlyForDeploymentPostprocessing = 0;
		};
		5BEDCDEB27C96A6D00191CEA /* Sources */ = {
			isa = PBXSourcesBuildPhase;
			buildActionMask = 2147483647;
			files = (
				5BEDCDF427C96A6D00191CEA /* AlgorithmTests.swift in Sources */,
			);
			runOnlyForDeploymentPostprocessing = 0;
		};
/* End PBXSourcesBuildPhase section */

/* Begin PBXTargetDependency section */
		5BEDCDF127C96A6D00191CEA /* PBXTargetDependency */ = {
			isa = PBXTargetDependency;
			target = 5BEDCDDE27C96A6B00191CEA /* Algorithm */;
			targetProxy = 5BEDCDF027C96A6D00191CEA /* PBXContainerItemProxy */;
		};
/* End PBXTargetDependency section */

/* Begin XCBuildConfiguration section */
		5BEDCE0127C96A6D00191CEA /* Debug */ = {
			isa = XCBuildConfiguration;
			buildSettings = {
				ALWAYS_SEARCH_USER_PATHS = NO;
				CLANG_ANALYZER_NONNULL = YES;
				CLANG_ANALYZER_NUMBER_OBJECT_CONVERSION = YES_AGGRESSIVE;
				CLANG_CXX_LANGUAGE_STANDARD = "gnu++17";
				CLANG_CXX_LIBRARY = "libc++";
				CLANG_ENABLE_MODULES = YES;
				CLANG_ENABLE_OBJC_ARC = YES;
				CLANG_ENABLE_OBJC_WEAK = YES;
				CLANG_WARN_BLOCK_CAPTURE_AUTORELEASING = YES;
				CLANG_WARN_BOOL_CONVERSION = YES;
				CLANG_WARN_COMMA = YES;
				CLANG_WARN_CONSTANT_CONVERSION = YES;
				CLANG_WARN_DEPRECATED_OBJC_IMPLEMENTATIONS = YES;
				CLANG_WARN_DIRECT_OBJC_ISA_USAGE = YES_ERROR;
				CLANG_WARN_DOCUMENTATION_COMMENTS = YES;
				CLANG_WARN_EMPTY_BODY = YES;
				CLANG_WARN_ENUM_CONVERSION = YES;
				CLANG_WARN_INFINITE_RECURSION = YES;
				CLANG_WARN_INT_CONVERSION = YES;
				CLANG_WARN_NON_LITERAL_NULL_CONVERSION = YES;
				CLANG_WARN_OBJC_IMPLICIT_RETAIN_SELF = YES;
				CLANG_WARN_OBJC_LITERAL_CONVERSION = YES;
				CLANG_WARN_OBJC_ROOT_CLASS = YES_ERROR;
				CLANG_WARN_QUOTED_INCLUDE_IN_FRAMEWORK_HEADER = YES;
				CLANG_WARN_RANGE_LOOP_ANALYSIS = YES;
				CLANG_WARN_STRICT_PROTOTYPES = YES;
				CLANG_WARN_SUSPICIOUS_MOVE = YES;
				CLANG_WARN_UNGUARDED_AVAILABILITY = YES_AGGRESSIVE;
				CLANG_WARN_UNREACHABLE_CODE = YES;
				CLANG_WARN__DUPLICATE_METHOD_MATCH = YES;
				COPY_PHASE_STRIP = NO;
				DEBUG_INFORMATION_FORMAT = dwarf;
				ENABLE_STRICT_OBJC_MSGSEND = YES;
				ENABLE_TESTABILITY = YES;
				GCC_C_LANGUAGE_STANDARD = gnu11;
				GCC_DYNAMIC_NO_PIC = NO;
				GCC_NO_COMMON_BLOCKS = YES;
				GCC_OPTIMIZATION_LEVEL = 0;
				GCC_PREPROCESSOR_DEFINITIONS = (
					"DEBUG=1",
					"$(inherited)",
				);
				GCC_WARN_64_TO_32_BIT_CONVERSION = YES;
				GCC_WARN_ABOUT_RETURN_TYPE = YES_ERROR;
				GCC_WARN_UNDECLARED_SELECTOR = YES;
				GCC_WARN_UNINITIALIZED_AUTOS = YES_AGGRESSIVE;
				GCC_WARN_UNUSED_FUNCTION = YES;
				GCC_WARN_UNUSED_VARIABLE = YES;
				IPHONEOS_DEPLOYMENT_TARGET = 15.0;
				MTL_ENABLE_DEBUG_INFO = INCLUDE_SOURCE;
				MTL_FAST_MATH = YES;
				ONLY_ACTIVE_ARCH = YES;
				SDKROOT = iphoneos;
				SWIFT_ACTIVE_COMPILATION_CONDITIONS = DEBUG;
				SWIFT_OPTIMIZATION_LEVEL = "-Onone";
			};
			name = Debug;
		};
		5BEDCE0227C96A6D00191CEA /* Release */ = {
			isa = XCBuildConfiguration;
			buildSettings = {
				ALWAYS_SEARCH_USER_PATHS = NO;
				CLANG_ANALYZER_NONNULL = YES;
				CLANG_ANALYZER_NUMBER_OBJECT_CONVERSION = YES_AGGRESSIVE;
				CLANG_CXX_LANGUAGE_STANDARD = "gnu++17";
				CLANG_CXX_LIBRARY = "libc++";
				CLANG_ENABLE_MODULES = YES;
				CLANG_ENABLE_OBJC_ARC = YES;
				CLANG_ENABLE_OBJC_WEAK = YES;
				CLANG_WARN_BLOCK_CAPTURE_AUTORELEASING = YES;
				CLANG_WARN_BOOL_CONVERSION = YES;
				CLANG_WARN_COMMA = YES;
				CLANG_WARN_CONSTANT_CONVERSION = YES;
				CLANG_WARN_DEPRECATED_OBJC_IMPLEMENTATIONS = YES;
				CLANG_WARN_DIRECT_OBJC_ISA_USAGE = YES_ERROR;
				CLANG_WARN_DOCUMENTATION_COMMENTS = YES;
				CLANG_WARN_EMPTY_BODY = YES;
				CLANG_WARN_ENUM_CONVERSION = YES;
				CLANG_WARN_INFINITE_RECURSION = YES;
				CLANG_WARN_INT_CONVERSION = YES;
				CLANG_WARN_NON_LITERAL_NULL_CONVERSION = YES;
				CLANG_WARN_OBJC_IMPLICIT_RETAIN_SELF = YES;
				CLANG_WARN_OBJC_LITERAL_CONVERSION = YES;
				CLANG_WARN_OBJC_ROOT_CLASS = YES_ERROR;
				CLANG_WARN_QUOTED_INCLUDE_IN_FRAMEWORK_HEADER = YES;
				CLANG_WARN_RANGE_LOOP_ANALYSIS = YES;
				CLANG_WARN_STRICT_PROTOTYPES = YES;
				CLANG_WARN_SUSPICIOUS_MOVE = YES;
				CLANG_WARN_UNGUARDED_AVAILABILITY = YES_AGGRESSIVE;
				CLANG_WARN_UNREACHABLE_CODE = YES;
				CLANG_WARN__DUPLICATE_METHOD_MATCH = YES;
				COPY_PHASE_STRIP = NO;
				DEBUG_INFORMATION_FORMAT = "dwarf-with-dsym";
				ENABLE_NS_ASSERTIONS = NO;
				ENABLE_STRICT_OBJC_MSGSEND = YES;
				GCC_C_LANGUAGE_STANDARD = gnu11;
				GCC_NO_COMMON_BLOCKS = YES;
				GCC_WARN_64_TO_32_BIT_CONVERSION = YES;
				GCC_WARN_ABOUT_RETURN_TYPE = YES_ERROR;
				GCC_WARN_UNDECLARED_SELECTOR = YES;
				GCC_WARN_UNINITIALIZED_AUTOS = YES_AGGRESSIVE;
				GCC_WARN_UNUSED_FUNCTION = YES;
				GCC_WARN_UNUSED_VARIABLE = YES;
				IPHONEOS_DEPLOYMENT_TARGET = 15.0;
				MTL_ENABLE_DEBUG_INFO = NO;
				MTL_FAST_MATH = YES;
				SDKROOT = iphoneos;
				SWIFT_COMPILATION_MODE = wholemodule;
				SWIFT_OPTIMIZATION_LEVEL = "-O";
				VALIDATE_PRODUCT = YES;
			};
			name = Release;
		};
		5BEDCE0427C96A6D00191CEA /* Debug */ = {
			isa = XCBuildConfiguration;
			buildSettings = {
				ASSETCATALOG_COMPILER_APPICON_NAME = AppIcon;
				ASSETCATALOG_COMPILER_GLOBAL_ACCENT_COLOR_NAME = AccentColor;
				CODE_SIGN_STYLE = Automatic;
				CURRENT_PROJECT_VERSION = 1;
				DEVELOPMENT_ASSET_PATHS = "\"Algorithm/Preview Content\"";
				ENABLE_PREVIEWS = YES;
				GENERATE_INFOPLIST_FILE = YES;
				INFOPLIST_KEY_UIApplicationSceneManifest_Generation = YES;
				INFOPLIST_KEY_UIApplicationSupportsIndirectInputEvents = YES;
				INFOPLIST_KEY_UILaunchScreen_Generation = YES;
				INFOPLIST_KEY_UISupportedInterfaceOrientations_iPad = "UIInterfaceOrientationPortrait UIInterfaceOrientationPortraitUpsideDown UIInterfaceOrientationLandscapeLeft UIInterfaceOrientationLandscapeRight";
				INFOPLIST_KEY_UISupportedInterfaceOrientations_iPhone = "UIInterfaceOrientationPortrait UIInterfaceOrientationLandscapeLeft UIInterfaceOrientationLandscapeRight";
				LD_RUNPATH_SEARCH_PATHS = (
					"$(inherited)",
					"@executable_path/Frameworks",
				);
				MARKETING_VERSION = 1.0;
				PRODUCT_BUNDLE_IDENTIFIER = com.study.Algorithm;
				PRODUCT_NAME = "$(TARGET_NAME)";
				SWIFT_EMIT_LOC_STRINGS = YES;
				SWIFT_VERSION = 5.0;
				TARGETED_DEVICE_FAMILY = "1,2";
			};
			name = Debug;
		};
		5BEDCE0527C96A6D00191CEA /* Release */ = {
			isa = XCBuildConfiguration;
			buildSettings = {
				ASSETCATALOG_COMPILER_APPICON_NAME = AppIcon;
				ASSETCATALOG_COMPILER_GLOBAL_ACCENT_COLOR_NAME = AccentColor;
				CODE_SIGN_STYLE = Automatic;
				CURRENT_PROJECT_VERSION = 1;
				DEVELOPMENT_ASSET_PATHS = "\"Algorithm/Preview Content\"";
				ENABLE_PREVIEWS = YES;
				GENERATE_INFOPLIST_FILE = YES;
				INFOPLIST_KEY_UIApplicationSceneManifest_Generation = YES;
				INFOPLIST_KEY_UIApplicationSupportsIndirectInputEvents = YES;
				INFOPLIST_KEY_UILaunchScreen_Generation = YES;
				INFOPLIST_KEY_UISupportedInterfaceOrientations_iPad = "UIInterfaceOrientationPortrait UIInterfaceOrientationPortraitUpsideDown UIInterfaceOrientationLandscapeLeft UIInterfaceOrientationLandscapeRight";
				INFOPLIST_KEY_UISupportedInterfaceOrientations_iPhone = "UIInterfaceOrientationPortrait UIInterfaceOrientationLandscapeLeft UIInterfaceOrientationLandscapeRight";
				LD_RUNPATH_SEARCH_PATHS = (
					"$(inherited)",
					"@executable_path/Frameworks",
				);
				MARKETING_VERSION = 1.0;
				PRODUCT_BUNDLE_IDENTIFIER = com.study.Algorithm;
				PRODUCT_NAME = "$(TARGET_NAME)";
				SWIFT_EMIT_LOC_STRINGS = YES;
				SWIFT_VERSION = 5.0;
				TARGETED_DEVICE_FAMILY = "1,2";
			};
			name = Release;
		};
		5BEDCE0727C96A6D00191CEA /* Debug */ = {
			isa = XCBuildConfiguration;
			buildSettings = {
				ALWAYS_EMBED_SWIFT_STANDARD_LIBRARIES = YES;
				BUNDLE_LOADER = "$(TEST_HOST)";
				CODE_SIGN_STYLE = Automatic;
				CURRENT_PROJECT_VERSION = 1;
				GENERATE_INFOPLIST_FILE = YES;
				IPHONEOS_DEPLOYMENT_TARGET = 15.0;
				LD_RUNPATH_SEARCH_PATHS = (
					"$(inherited)",
					"@executable_path/Frameworks",
					"@loader_path/Frameworks",
				);
				MARKETING_VERSION = 1.0;
				PRODUCT_BUNDLE_IDENTIFIER = com.study.AlgorithmTests;
				PRODUCT_NAME = "$(TARGET_NAME)";
				SWIFT_EMIT_LOC_STRINGS = NO;
				SWIFT_VERSION = 5.0;
				TARGETED_DEVICE_FAMILY = "1,2";
				TEST_HOST = "$(BUILT_PRODUCTS_DIR)/Algorithm.app/Algorithm";
			};
			name = Debug;
		};
		5BEDCE0827C96A6D00191CEA /* Release */ = {
			isa = XCBuildConfiguration;
			buildSettings = {
				ALWAYS_EMBED_SWIFT_STANDARD_LIBRARIES = YES;
				BUNDLE_LOADER = "$(TEST_HOST)";
				CODE_SIGN_STYLE = Automatic;
				CURRENT_PROJECT_VERSION = 1;
				GENERATE_INFOPLIST_FILE = YES;
				IPHONEOS_DEPLOYMENT_TARGET = 15.0;
				LD_RUNPATH_SEARCH_PATHS = (
					"$(inherited)",
					"@executable_path/Frameworks",
					"@loader_path/Frameworks",
				);
				MARKETING_VERSION = 1.0;
				PRODUCT_BUNDLE_IDENTIFIER = com.study.AlgorithmTests;
				PRODUCT_NAME = "$(TARGET_NAME)";
				SWIFT_EMIT_LOC_STRINGS = NO;
				SWIFT_VERSION = 5.0;
				TARGETED_DEVICE_FAMILY = "1,2";
				TEST_HOST = "$(BUILT_PRODUCTS_DIR)/Algorithm.app/Algorithm";
			};
			name = Release;
		};
/* End XCBuildConfiguration section */

/* Begin XCConfigurationList section */
		5BEDCDDA27C96A6B00191CEA /* Build configuration list for PBXProject "Algorithm" */ = {
			isa = XCConfigurationList;
			buildConfigurations = (
				5BEDCE0127C96A6D00191CEA /* Debug */,
				5BEDCE0227C96A6D00191CEA /* Release */,
			);
			defaultConfigurationIsVisible = 0;
			defaultConfigurationName = Release;
		};
		5BEDCE0327C96A6D00191CEA /* Build configuration list for PBXNativeTarget "Algorithm" */ = {
			isa = XCConfigurationList;
			buildConfigurations = (
				5BEDCE0427C96A6D00191CEA /* Debug */,
				5BEDCE0527C96A6D00191CEA /* Release */,
			);
			defaultConfigurationIsVisible = 0;
			defaultConfigurationName = Release;
		};
		5BEDCE0627C96A6D00191CEA /* Build configuration list for PBXNativeTarget "AlgorithmTests" */ = {
			isa = XCConfigurationList;
			buildConfigurations = (
				5BEDCE0727C96A6D00191CEA /* Debug */,
				5BEDCE0827C96A6D00191CEA /* Release */,
			);
			defaultConfigurationIsVisible = 0;
			defaultConfigurationName = Release;
		};
/* End XCConfigurationList section */
	};
	rootObject = 5BEDCDD727C96A6B00191CEA /* Project object */;
}
